
Microsoft Visual Studio Solution File, Format Version 12.00
# Visual Studio Version 17
VisualStudioVersion = 17.13.35818.85 d17.13
MinimumVisualStudioVersion = 10.0.40219.1
Project("{FAE04EC0-301F-11D3-BF4B-00C04F79EFBC}") = "Классы", "Классы\Классы.csproj", "{075B16B1-6311-4E80-B9BE-15E2125789C1}"
EndProject
Global
	GlobalSection(SolutionConfigurationPlatforms) = preSolution
		Debug|Any CPU = Debug|Any CPU
		Release|Any CPU = Release|Any CPU
	EndGlobalSection
	GlobalSection(ProjectConfigurationPlatforms) = postSolution
		{075B16B1-6311-4E80-B9BE-15E2125789C1}.Debug|Any CPU.ActiveCfg = Debug|Any CPU
		{075B16B1-6311-4E80-B9BE-15E2125789C1}.Debug|Any CPU.Build.0 = Debug|Any CPU
		{075B16B1-6311-4E80-B9BE-15E2125789C1}.Release|Any CPU.ActiveCfg = Release|Any CPU
		{075B16B1-6311-4E80-B9BE-15E2125789C1}.Release|Any CPU.Build.0 = Release|Any CPU
	EndGlobalSection
	GlobalSection(SolutionProperties) = preSolution
		HideSolutionNode = FALSE
	EndGlobalSection
	GlobalSection(ExtensibilityGlobals) = postSolution
		SolutionGuid = {D2DAA009-F358-4CD7-AD48-95F365441DCB}
	EndGlobalSection
EndGlobal
