
Microsoft Visual Studio Solution File, Format Version 12.00
# Visual Studio Version 17
VisualStudioVersion = 17.13.35818.85 d17.13
MinimumVisualStudioVersion = 10.0.40219.1
Project("{FAE04EC0-301F-11D3-BF4B-00C04F79EFBC}") = "ConsoleApp4", "ConsoleApp4\ConsoleApp4.csproj", "{C0F63460-C634-4592-B4D3-CF07A66FAD38}"
EndProject
Global
	GlobalSection(SolutionConfigurationPlatforms) = preSolution
		Debug|Any CPU = Debug|Any CPU
		Release|Any CPU = Release|Any CPU
	EndGlobalSection
	GlobalSection(ProjectConfigurationPlatforms) = postSolution
		{C0F63460-C634-4592-B4D3-CF07A66FAD38}.Debug|Any CPU.ActiveCfg = Debug|Any CPU
		{C0F63460-C634-4592-B4D3-CF07A66FAD38}.Debug|Any CPU.Build.0 = Debug|Any CPU
		{C0F63460-C634-4592-B4D3-CF07A66FAD38}.Release|Any CPU.ActiveCfg = Release|Any CPU
		{C0F63460-C634-4592-B4D3-CF07A66FAD38}.Release|Any CPU.Build.0 = Release|Any CPU
	EndGlobalSection
	GlobalSection(SolutionProperties) = preSolution
		HideSolutionNode = FALSE
	EndGlobalSection
	GlobalSection(ExtensibilityGlobals) = postSolution
		SolutionGuid = {3B64B2F5-8A44-4801-A3AB-421717B40C07}
	EndGlobalSection
EndGlobal
